// !$*UTF8*$!
{
	archiveVersion = 1;
	classes = {
	};
	objectVersion = 46;
	objects = {

/* Begin PBXBuildFile section */
		EAE0EE671D0E5051003404B2 /* AppDelegate.swift in Sources */ = {isa = PBXBuildFile; fileRef = EAE0EE661D0E5051003404B2 /* AppDelegate.swift */; };
		EAE0EE691D0E5051003404B2 /* ViewController.swift in Sources */ = {isa = PBXBuildFile; fileRef = EAE0EE681D0E5051003404B2 /* ViewController.swift */; };
		EAE0EE6C1D0E5051003404B2 /* Main.storyboard in Resources */ = {isa = PBXBuildFile; fileRef = EAE0EE6A1D0E5051003404B2 /* Main.storyboard */; };
		EAE0EE6E1D0E5051003404B2 /* Assets.xcassets in Resources */ = {isa = PBXBuildFile; fileRef = EAE0EE6D1D0E5051003404B2 /* Assets.xcassets */; };
		EAE0EE711D0E5051003404B2 /* LaunchScreen.storyboard in Resources */ = {isa = PBXBuildFile; fileRef = EAE0EE6F1D0E5051003404B2 /* LaunchScreen.storyboard */; };
		EAE0EE7C1D0E5051003404B2 /* HappyShareTests.swift in Sources */ = {isa = PBXBuildFile; fileRef = EAE0EE7B1D0E5051003404B2 /* HappyShareTests.swift */; };
		EAE0EE871D0E5051003404B2 /* HappyShareUITests.swift in Sources */ = {isa = PBXBuildFile; fileRef = EAE0EE861D0E5051003404B2 /* HappyShareUITests.swift */; };
/* End PBXBuildFile section */

/* Begin PBXContainerItemProxy section */
		EAE0EE781D0E5051003404B2 /* PBXContainerItemProxy */ = {
			isa = PBXContainerItemProxy;
			containerPortal = EAE0EE5B1D0E5051003404B2 /* Project object */;
			proxyType = 1;
			remoteGlobalIDString = EAE0EE621D0E5051003404B2;
			remoteInfo = HappyShare;
		};
		EAE0EE831D0E5051003404B2 /* PBXContainerItemProxy */ = {
			isa = PBXContainerItemProxy;
			containerPortal = EAE0EE5B1D0E5051003404B2 /* Project object */;
			proxyType = 1;
			remoteGlobalIDString = EAE0EE621D0E5051003404B2;
			remoteInfo = HappyShare;
		};
/* End PBXContainerItemProxy section */

/* Begin PBXFileReference section */
		EAE0EE631D0E5051003404B2 /* HappyShare.app */ = {isa = PBXFileReference; explicitFileType = wrapper.application; includeInIndex = 0; path = HappyShare.app; sourceTree = BUILT_PRODUCTS_DIR; };
		EAE0EE661D0E5051003404B2 /* AppDelegate.swift */ = {isa = PBXFileReference; lastKnownFileType = sourcecode.swift; path = AppDelegate.swift; sourceTree = "<group>"; };
		EAE0EE681D0E5051003404B2 /* ViewController.swift */ = {isa = PBXFileReference; lastKnownFileType = sourcecode.swift; path = ViewController.swift; sourceTree = "<group>"; };
		EAE0EE6B1D0E5051003404B2 /* Base */ = {isa = PBXFileReference; lastKnownFileType = file.storyboard; name = Base; path = Base.lproj/Main.storyboard; sourceTree = "<group>"; };
		EAE0EE6D1D0E5051003404B2 /* Assets.xcassets */ = {isa = PBXFileReference; lastKnownFileType = folder.assetcatalog; path = Assets.xcassets; sourceTree = "<group>"; };
		EAE0EE701D0E5051003404B2 /* Base */ = {isa = PBXFileReference; lastKnownFileType = file.storyboard; name = Base; path = Base.lproj/LaunchScreen.storyboard; sourceTree = "<group>"; };
		EAE0EE721D0E5051003404B2 /* Info.plist */ = {isa = PBXFileReference; lastKnownFileType = text.plist.xml; path = Info.plist; sourceTree = "<group>"; };
		EAE0EE771D0E5051003404B2 /* HappyShareTests.xctest */ = {isa = PBXFileReference; explicitFileType = wrapper.cfbundle; includeInIndex = 0; path = HappyShareTests.xctest; sourceTree = BUILT_PRODUCTS_DIR; };
		EAE0EE7B1D0E5051003404B2 /* HappyShareTests.swift */ = {isa = PBXFileReference; lastKnownFileType = sourcecode.swift; path = HappyShareTests.swift; sourceTree = "<group>"; };
		EAE0EE7D1D0E5051003404B2 /* Info.plist */ = {isa = PBXFileReference; lastKnownFileType = text.plist.xml; path = Info.plist; sourceTree = "<group>"; };
		EAE0EE821D0E5051003404B2 /* HappyShareUITests.xctest */ = {isa = PBXFileReference; explicitFileType = wrapper.cfbundle; includeInIndex = 0; path = HappyShareUITests.xctest; sourceTree = BUILT_PRODUCTS_DIR; };
		EAE0EE861D0E5051003404B2 /* HappyShareUITests.swift */ = {isa = PBXFileReference; lastKnownFileType = sourcecode.swift; path = HappyShareUITests.swift; sourceTree = "<group>"; };
		EAE0EE881D0E5051003404B2 /* Info.plist */ = {isa = PBXFileReference; lastKnownFileType = text.plist.xml; path = Info.plist; sourceTree = "<group>"; };
/* End PBXFileReference section */

/* Begin PBXFrameworksBuildPhase section */
		EAE0EE601D0E5051003404B2 /* Frameworks */ = {
			isa = PBXFrameworksBuildPhase;
			buildActionMask = 2147483647;
			files = (
			);
			runOnlyForDeploymentPostprocessing = 0;
		};
		EAE0EE741D0E5051003404B2 /* Frameworks */ = {
			isa = PBXFrameworksBuildPhase;
			buildActionMask = 2147483647;
			files = (
			);
			runOnlyForDeploymentPostprocessing = 0;
		};
		EAE0EE7F1D0E5051003404B2 /* Frameworks */ = {
			isa = PBXFrameworksBuildPhase;
			buildActionMask = 2147483647;
			files = (
			);
			runOnlyForDeploymentPostprocessing = 0;
		};
/* End PBXFrameworksBuildPhase section */

/* Begin PBXGroup section */
		EAE0EE5A1D0E5051003404B2 = {
			isa = PBXGroup;
			children = (
				EAE0EE651D0E5051003404B2 /* HappyShare */,
				EAE0EE7A1D0E5051003404B2 /* HappyShareTests */,
				EAE0EE851D0E5051003404B2 /* HappyShareUITests */,
				EAE0EE641D0E5051003404B2 /* Products */,
			);
			sourceTree = "<group>";
		};
		EAE0EE641D0E5051003404B2 /* Products */ = {
			isa = PBXGroup;
			children = (
				EAE0EE631D0E5051003404B2 /* HappyShare.app */,
				EAE0EE771D0E5051003404B2 /* HappyShareTests.xctest */,
				EAE0EE821D0E5051003404B2 /* HappyShareUITests.xctest */,
			);
			name = Products;
			sourceTree = "<group>";
		};
		EAE0EE651D0E5051003404B2 /* HappyShare */ = {
			isa = PBXGroup;
			children = (
				EAE0EE661D0E5051003404B2 /* AppDelegate.swift */,
				EAE0EE681D0E5051003404B2 /* ViewController.swift */,
				EAE0EE6A1D0E5051003404B2 /* Main.storyboard */,
				EAE0EE6D1D0E5051003404B2 /* Assets.xcassets */,
				EAE0EE6F1D0E5051003404B2 /* LaunchScreen.storyboard */,
				EAE0EE721D0E5051003404B2 /* Info.plist */,
			);
			path = HappyShare;
			sourceTree = "<group>";
		};
		EAE0EE7A1D0E5051003404B2 /* HappyShareTests */ = {
			isa = PBXGroup;
			children = (
				EAE0EE7B1D0E5051003404B2 /* HappyShareTests.swift */,
				EAE0EE7D1D0E5051003404B2 /* Info.plist */,
			);
			path = HappyShareTests;
			sourceTree = "<group>";
		};
		EAE0EE851D0E5051003404B2 /* HappyShareUITests */ = {
			isa = PBXGroup;
			children = (
				EAE0EE861D0E5051003404B2 /* HappyShareUITests.swift */,
				EAE0EE881D0E5051003404B2 /* Info.plist */,
			);
			path = HappyShareUITests;
			sourceTree = "<group>";
		};
/* End PBXGroup section */

/* Begin PBXNativeTarget section */
		EAE0EE621D0E5051003404B2 /* HappyShare */ = {
			isa = PBXNativeTarget;
			buildConfigurationList = EAE0EE8B1D0E5051003404B2 /* Build configuration list for PBXNativeTarget "HappyShare" */;
			buildPhases = (
				EAE0EE5F1D0E5051003404B2 /* Sources */,
				EAE0EE601D0E5051003404B2 /* Frameworks */,
				EAE0EE611D0E5051003404B2 /* Resources */,
			);
			buildRules = (
			);
			dependencies = (
			);
			name = HappyShare;
			productName = HappyShare;
			productReference = EAE0EE631D0E5051003404B2 /* HappyShare.app */;
			productType = "com.apple.product-type.application";
		};
		EAE0EE761D0E5051003404B2 /* HappyShareTests */ = {
			isa = PBXNativeTarget;
			buildConfigurationList = EAE0EE8E1D0E5051003404B2 /* Build configuration list for PBXNativeTarget "HappyShareTests" */;
			buildPhases = (
				EAE0EE731D0E5051003404B2 /* Sources */,
				EAE0EE741D0E5051003404B2 /* Frameworks */,
				EAE0EE751D0E5051003404B2 /* Resources */,
			);
			buildRules = (
			);
			dependencies = (
				EAE0EE791D0E5051003404B2 /* PBXTargetDependency */,
			);
			name = HappyShareTests;
			productName = HappyShareTests;
			productReference = EAE0EE771D0E5051003404B2 /* HappyShareTests.xctest */;
			productType = "com.apple.product-type.bundle.unit-test";
		};
		EAE0EE811D0E5051003404B2 /* HappyShareUITests */ = {
			isa = PBXNativeTarget;
			buildConfigurationList = EAE0EE911D0E5051003404B2 /* Build configuration list for PBXNativeTarget "HappyShareUITests" */;
			buildPhases = (
				EAE0EE7E1D0E5051003404B2 /* Sources */,
				EAE0EE7F1D0E5051003404B2 /* Frameworks */,
				EAE0EE801D0E5051003404B2 /* Resources */,
			);
			buildRules = (
			);
			dependencies = (
				EAE0EE841D0E5051003404B2 /* PBXTargetDependency */,
			);
			name = HappyShareUITests;
			productName = HappyShareUITests;
			productReference = EAE0EE821D0E5051003404B2 /* HappyShareUITests.xctest */;
			productType = "com.apple.product-type.bundle.ui-testing";
		};
/* End PBXNativeTarget section */

/* Begin PBXProject section */
		EAE0EE5B1D0E5051003404B2 /* Project object */ = {
			isa = PBXProject;
			attributes = {
				LastSwiftUpdateCheck = 0730;
				LastUpgradeCheck = 0730;
				ORGANIZATIONNAME = "李现科";
				TargetAttributes = {
					EAE0EE621D0E5051003404B2 = {
						CreatedOnToolsVersion = 7.3.1;
					};
					EAE0EE761D0E5051003404B2 = {
						CreatedOnToolsVersion = 7.3.1;
						TestTargetID = EAE0EE621D0E5051003404B2;
					};
					EAE0EE811D0E5051003404B2 = {
						CreatedOnToolsVersion = 7.3.1;
						TestTargetID = EAE0EE621D0E5051003404B2;
					};
				};
			};
			buildConfigurationList = EAE0EE5E1D0E5051003404B2 /* Build configuration list for PBXProject "HappyShare" */;
			compatibilityVersion = "Xcode 3.2";
			developmentRegion = English;
			hasScannedForEncodings = 0;
			knownRegions = (
				en,
				Base,
			);
			mainGroup = EAE0EE5A1D0E5051003404B2;
			productRefGroup = EAE0EE641D0E5051003404B2 /* Products */;
			projectDirPath = "";
			projectRoot = "";
			targets = (
				EAE0EE621D0E5051003404B2 /* HappyShare */,
				EAE0EE761D0E5051003404B2 /* HappyShareTests */,
				EAE0EE811D0E5051003404B2 /* HappyShareUITests */,
			);
		};
/* End PBXProject section */

/* Begin PBXResourcesBuildPhase section */
		EAE0EE611D0E5051003404B2 /* Resources */ = {
			isa = PBXResourcesBuildPhase;
			buildActionMask = 2147483647;
			files = (
				EAE0EE711D0E5051003404B2 /* LaunchScreen.storyboard in Resources */,
				EAE0EE6E1D0E5051003404B2 /* Assets.xcassets in Resources */,
				EAE0EE6C1D0E5051003404B2 /* Main.storyboard in Resources */,
			);
			runOnlyForDeploymentPostprocessing = 0;
		};
		EAE0EE751D0E5051003404B2 /* Resources */ = {
			isa = PBXResourcesBuildPhase;
			buildActionMask = 2147483647;
			files = (
			);
			runOnlyForDeploymentPostprocessing = 0;
		};
		EAE0EE801D0E5051003404B2 /* Resources */ = {
			isa = PBXResourcesBuildPhase;
			buildActionMask = 2147483647;
			files = (
			);
			runOnlyForDeploymentPostprocessing = 0;
		};
/* End PBXResourcesBuildPhase section */

/* Begin PBXSourcesBuildPhase section */
		EAE0EE5F1D0E5051003404B2 /* Sources */ = {
			isa = PBXSourcesBuildPhase;
			buildActionMask = 2147483647;
			files = (
				EAE0EE691D0E5051003404B2 /* ViewController.swift in Sources */,
				EAE0EE671D0E5051003404B2 /* AppDelegate.swift in Sources */,
			);
			runOnlyForDeploymentPostprocessing = 0;
		};
		EAE0EE731D0E5051003404B2 /* Sources */ = {
			isa = PBXSourcesBuildPhase;
			buildActionMask = 2147483647;
			files = (
				EAE0EE7C1D0E5051003404B2 /* HappyShareTests.swift in Sources */,
			);
			runOnlyForDeploymentPostprocessing = 0;
		};
		EAE0EE7E1D0E5051003404B2 /* Sources */ = {
			isa = PBXSourcesBuildPhase;
			buildActionMask = 2147483647;
			files = (
				EAE0EE871D0E5051003404B2 /* HappyShareUITests.swift in Sources */,
			);
			runOnlyForDeploymentPostprocessing = 0;
		};
/* End PBXSourcesBuildPhase section */

/* Begin PBXTargetDependency section */
		EAE0EE791D0E5051003404B2 /* PBXTargetDependency */ = {
			isa = PBXTargetDependency;
			target = EAE0EE621D0E5051003404B2 /* HappyShare */;
			targetProxy = EAE0EE781D0E5051003404B2 /* PBXContainerItemProxy */;
		};
		EAE0EE841D0E5051003404B2 /* PBXTargetDependency */ = {
			isa = PBXTargetDependency;
			target = EAE0EE621D0E5051003404B2 /* HappyShare */;
			targetProxy = EAE0EE831D0E5051003404B2 /* PBXContainerItemProxy */;
		};
/* End PBXTargetDependency section */

/* Begin PBXVariantGroup section */
		EAE0EE6A1D0E5051003404B2 /* Main.storyboard */ = {
			isa = PBXVariantGroup;
			children = (
				EAE0EE6B1D0E5051003404B2 /* Base */,
			);
			name = Main.storyboard;
			sourceTree = "<group>";
		};
		EAE0EE6F1D0E5051003404B2 /* LaunchScreen.storyboard */ = {
			isa = PBXVariantGroup;
			children = (
				EAE0EE701D0E5051003404B2 /* Base */,
			);
			name = LaunchScreen.storyboard;
			sourceTree = "<group>";
		};
/* End PBXVariantGroup section */

/* Begin XCBuildConfiguration section */
		EAE0EE891D0E5051003404B2 /* Debug */ = {
			isa = XCBuildConfiguration;
			buildSettings = {
				ALWAYS_SEARCH_USER_PATHS = NO;
				CLANG_ANALYZER_NONNULL = YES;
				CLANG_CXX_LANGUAGE_STANDARD = "gnu++0x";
				CLANG_CXX_LIBRARY = "libc++";
				CLANG_ENABLE_MODULES = YES;
				CLANG_ENABLE_OBJC_ARC = YES;
				CLANG_WARN_BOOL_CONVERSION = YES;
				CLANG_WARN_CONSTANT_CONVERSION = YES;
				CLANG_WARN_DIRECT_OBJC_ISA_USAGE = YES_ERROR;
				CLANG_WARN_EMPTY_BODY = YES;
				CLANG_WARN_ENUM_CONVERSION = YES;
				CLANG_WARN_INT_CONVERSION = YES;
				CLANG_WARN_OBJC_ROOT_CLASS = YES_ERROR;
				CLANG_WARN_UNREACHABLE_CODE = YES;
				CLANG_WARN__DUPLICATE_METHOD_MATCH = YES;
				"CODE_SIGN_IDENTITY[sdk=iphoneos*]" = "iPhone Developer";
				COPY_PHASE_STRIP = NO;
				DEBUG_INFORMATION_FORMAT = dwarf;
				ENABLE_STRICT_OBJC_MSGSEND = YES;
				ENABLE_TESTABILITY = YES;
				GCC_C_LANGUAGE_STANDARD = gnu99;
				GCC_DYNAMIC_NO_PIC = NO;
				GCC_NO_COMMON_BLOCKS = YES;
				GCC_OPTIMIZATION_LEVEL = 0;
				GCC_PREPROCESSOR_DEFINITIONS = (
					"DEBUG=1",
					"$(inherited)",
				);
				GCC_WARN_64_TO_32_BIT_CONVERSION = YES;
				GCC_WARN_ABOUT_RETURN_TYPE = YES_ERROR;
				GCC_WARN_UNDECLARED_SELECTOR = YES;
				GCC_WARN_UNINITIALIZED_AUTOS = YES_AGGRESSIVE;
				GCC_WARN_UNUSED_FUNCTION = YES;
				GCC_WARN_UNUSED_VARIABLE = YES;
				IPHONEOS_DEPLOYMENT_TARGET = 9.3;
				MTL_ENABLE_DEBUG_INFO = YES;
				ONLY_ACTIVE_ARCH = YES;
				SDKROOT = iphoneos;
				SWIFT_OPTIMIZATION_LEVEL = "-Onone";
			};
			name = Debug;
		};
		EAE0EE8A1D0E5051003404B2 /* Release */ = {
			isa = XCBuildConfiguration;
			buildSettings = {
				ALWAYS_SEARCH_USER_PATHS = NO;
				CLANG_ANALYZER_NONNULL = YES;
				CLANG_CXX_LANGUAGE_STANDARD = "gnu++0x";
				CLANG_CXX_LIBRARY = "libc++";
				CLANG_ENABLE_MODULES = YES;
				CLANG_ENABLE_OBJC_ARC = YES;
				CLANG_WARN_BOOL_CONVERSION = YES;
				CLANG_WARN_CONSTANT_CONVERSION = YES;
				CLANG_WARN_DIRECT_OBJC_ISA_USAGE = YES_ERROR;
				CLANG_WARN_EMPTY_BODY = YES;
				CLANG_WARN_ENUM_CONVERSION = YES;
				CLANG_WARN_INT_CONVERSION = YES;
				CLANG_WARN_OBJC_ROOT_CLASS = YES_ERROR;
				CLANG_WARN_UNREACHABLE_CODE = YES;
				CLANG_WARN__DUPLICATE_METHOD_MATCH = YES;
				"CODE_SIGN_IDENTITY[sdk=iphoneos*]" = "iPhone Developer";
				COPY_PHASE_STRIP = NO;
				DEBUG_INFORMATION_FORMAT = "dwarf-with-dsym";
				ENABLE_NS_ASSERTIONS = NO;
				ENABLE_STRICT_OBJC_MSGSEND = YES;
				GCC_C_LANGUAGE_STANDARD = gnu99;
				GCC_NO_COMMON_BLOCKS = YES;
				GCC_WARN_64_TO_32_BIT_CONVERSION = YES;
				GCC_WARN_ABOUT_RETURN_TYPE = YES_ERROR;
				GCC_WARN_UNDECLARED_SELECTOR = YES;
				GCC_WARN_UNINITIALIZED_AUTOS = YES_AGGRESSIVE;
				GCC_WARN_UNUSED_FUNCTION = YES;
				GCC_WARN_UNUSED_VARIABLE = YES;
				IPHONEOS_DEPLOYMENT_TARGET = 9.3;
				MTL_ENABLE_DEBUG_INFO = NO;
				SDKROOT = iphoneos;
				VALIDATE_PRODUCT = YES;
			};
			name = Release;
		};
		EAE0EE8C1D0E5051003404B2 /* Debug */ = {
			isa = XCBuildConfiguration;
			buildSettings = {
				ASSETCATALOG_COMPILER_APPICON_NAME = AppIcon;
				INFOPLIST_FILE = HappyShare/Info.plist;
				LD_RUNPATH_SEARCH_PATHS = "$(inherited) @executable_path/Frameworks";
				PRODUCT_BUNDLE_IDENTIFIER = com.lixianke.HappyShare;
				PRODUCT_NAME = "$(TARGET_NAME)";
			};
			name = Debug;
		};
		EAE0EE8D1D0E5051003404B2 /* Release */ = {
			isa = XCBuildConfiguration;
			buildSettings = {
				ASSETCATALOG_COMPILER_APPICON_NAME = AppIcon;
				INFOPLIST_FILE = HappyShare/Info.plist;
				LD_RUNPATH_SEARCH_PATHS = "$(inherited) @executable_path/Frameworks";
				PRODUCT_BUNDLE_IDENTIFIER = com.lixianke.HappyShare;
				PRODUCT_NAME = "$(TARGET_NAME)";
			};
			name = Release;
		};
		EAE0EE8F1D0E5051003404B2 /* Debug */ = {
			isa = XCBuildConfiguration;
			buildSettings = {
				BUNDLE_LOADER = "$(TEST_HOST)";
				INFOPLIST_FILE = HappyShareTests/Info.plist;
				LD_RUNPATH_SEARCH_PATHS = "$(inherited) @executable_path/Frameworks @loader_path/Frameworks";
				PRODUCT_BUNDLE_IDENTIFIER = com.lixianke.HappyShareTests;
				PRODUCT_NAME = "$(TARGET_NAME)";
				TEST_HOST = "$(BUILT_PRODUCTS_DIR)/HappyShare.app/HappyShare";
			};
			name = Debug;
		};
		EAE0EE901D0E5051003404B2 /* Release */ = {
			isa = XCBuildConfiguration;
			buildSettings = {
				BUNDLE_LOADER = "$(TEST_HOST)";
				INFOPLIST_FILE = HappyShareTests/Info.plist;
				LD_RUNPATH_SEARCH_PATHS = "$(inherited) @executable_path/Frameworks @loader_path/Frameworks";
				PRODUCT_BUNDLE_IDENTIFIER = com.lixianke.HappyShareTests;
				PRODUCT_NAME = "$(TARGET_NAME)";
				TEST_HOST = "$(BUILT_PRODUCTS_DIR)/HappyShare.app/HappyShare";
			};
			name = Release;
		};
		EAE0EE921D0E5051003404B2 /* Debug */ = {
			isa = XCBuildConfiguration;
			buildSettings = {
				INFOPLIST_FILE = HappyShareUITests/Info.plist;
				LD_RUNPATH_SEARCH_PATHS = "$(inherited) @executable_path/Frameworks @loader_path/Frameworks";
				PRODUCT_BUNDLE_IDENTIFIER = com.lixianke.HappyShareUITests;
				PRODUCT_NAME = "$(TARGET_NAME)";
				TEST_TARGET_NAME = HappyShare;
			};
			name = Debug;
		};
		EAE0EE931D0E5051003404B2 /* Release */ = {
			isa = XCBuildConfiguration;
			buildSettings = {
				INFOPLIST_FILE = HappyShareUITests/Info.plist;
				LD_RUNPATH_SEARCH_PATHS = "$(inherited) @executable_path/Frameworks @loader_path/Frameworks";
				PRODUCT_BUNDLE_IDENTIFIER = com.lixianke.HappyShareUITests;
				PRODUCT_NAME = "$(TARGET_NAME)";
				TEST_TARGET_NAME = HappyShare;
			};
			name = Release;
		};
/* End XCBuildConfiguration section */

/* Begin XCConfigurationList section */
		EAE0EE5E1D0E5051003404B2 /* Build configuration list for PBXProject "HappyShare" */ = {
			isa = XCConfigurationList;
			buildConfigurations = (
				EAE0EE891D0E5051003404B2 /* Debug */,
				EAE0EE8A1D0E5051003404B2 /* Release */,
			);
			defaultConfigurationIsVisible = 0;
			defaultConfigurationName = Release;
		};
		EAE0EE8B1D0E5051003404B2 /* Build configuration list for PBXNativeTarget "HappyShare" */ = {
			isa = XCConfigurationList;
			buildConfigurations = (
				EAE0EE8C1D0E5051003404B2 /* Debug */,
				EAE0EE8D1D0E5051003404B2 /* Release */,
			);
			defaultConfigurationIsVisible = 0;
		};
		EAE0EE8E1D0E5051003404B2 /* Build configuration list for PBXNativeTarget "HappyShareTests" */ = {
			isa = XCConfigurationList;
			buildConfigurations = (
				EAE0EE8F1D0E5051003404B2 /* Debug */,
				EAE0EE901D0E5051003404B2 /* Release */,
			);
			defaultConfigurationIsVisible = 0;
		};
		EAE0EE911D0E5051003404B2 /* Build configuration list for PBXNativeTarget "HappyShareUITests" */ = {
			isa = XCConfigurationList;
			buildConfigurations = (
				EAE0EE921D0E5051003404B2 /* Debug */,
				EAE0EE931D0E5051003404B2 /* Release */,
			);
			defaultConfigurationIsVisible = 0;
		};
/* End XCConfigurationList section */
	};
	rootObject = EAE0EE5B1D0E5051003404B2 /* Project object */;
}
