PODS:
  - IQKeyboardManager (4.0.8)
  - KSCrash (1.15.3):
    - KSCrash/Installations (= 1.15.3)
  - KSCrash/Installations (1.15.3):
    - KSCrash/Recording
    - KSCrash/Reporting
  - KSCrash/Recording (1.15.3):
    - KSCrash/Recording/Tools (= 1.15.3)
  - KSCrash/Recording/Tools (1.15.3)
  - KSCrash/Reporting (1.15.3):
    - KSCrash/Recording
    - KSCrash/Reporting/Filters (= 1.15.3)
    - KSCrash/Reporting/MessageUI (= 1.15.3)
    - KSCrash/Reporting/Sinks (= 1.15.3)
    - KSCrash/Reporting/Tools (= 1.15.3)
  - KSCrash/Reporting/Filters (1.15.3):
    - KSCrash/Recording
    - KSCrash/Reporting/Filters/Alert (= 1.15.3)
    - KSCrash/Reporting/Filters/AppleFmt (= 1.15.3)
    - KSCrash/Reporting/Filters/Base (= 1.15.3)
    - KSCrash/Reporting/Filters/Basic (= 1.15.3)
    - KSCrash/Reporting/Filters/GZip (= 1.15.3)
    - KSCrash/Reporting/Filters/JSON (= 1.15.3)
    - KSCrash/Reporting/Filters/Sets (= 1.15.3)
    - KSCrash/Reporting/Filters/Stringify (= 1.15.3)
    - KSCrash/Reporting/Filters/Tools (= 1.15.3)
  - KSCrash/Reporting/Filters/Alert (1.15.3):
    - KSCrash/Recording
    - KSCrash/Reporting/Filters/Base
  - KSCrash/Reporting/Filters/AppleFmt (1.15.3):
    - KSCrash/Recording
    - KSCrash/Reporting/Filters/Base
  - KSCrash/Reporting/Filters/Base (1.15.3):
    - KSCrash/Recording
  - KSCrash/Reporting/Filters/Basic (1.15.3):
    - KSCrash/Recording
    - KSCrash/Reporting/Filters/Base
  - KSCrash/Reporting/Filters/GZip (1.15.3):
    - KSCrash/Recording
    - KSCrash/Reporting/Filters/Base
  - KSCrash/Reporting/Filters/JSON (1.15.3):
    - KSCrash/Recording
    - KSCrash/Reporting/Filters/Base
  - KSCrash/Reporting/Filters/Sets (1.15.3):
    - KSCrash/Recording
    - KSCrash/Reporting/Filters/AppleFmt
    - KSCrash/Reporting/Filters/Base
    - KSCrash/Reporting/Filters/Basic
    - KSCrash/Reporting/Filters/GZip
    - KSCrash/Reporting/Filters/JSON
    - KSCrash/Reporting/Filters/Stringify
  - KSCrash/Reporting/Filters/Stringify (1.15.3):
    - KSCrash/Recording
    - KSCrash/Reporting/Filters/Base
  - KSCrash/Reporting/Filters/Tools (1.15.3):
    - KSCrash/Recording
  - KSCrash/Reporting/MessageUI (1.15.3):
    - KSCrash/Recording
  - KSCrash/Reporting/Sinks (1.15.3):
    - KSCrash/Recording
    - KSCrash/Reporting/Filters
    - KSCrash/Reporting/Tools
  - KSCrash/Reporting/Tools (1.15.3):
    - KSCrash/Recording
  - MJRefresh (3.1.12)
  - SDWebImage (4.0.0):
    - SDWebImage/Core (= 4.0.0)
  - SDWebImage/Core (4.0.0)
  - SVProgressHUD (2.1.2)

DEPENDENCIES:
  - IQKeyboardManager
  - KSCrash
  - MJRefresh
  - SDWebImage
  - SVProgressHUD

SPEC CHECKSUMS:
  IQKeyboardManager: 1a8189fa153bf09044355ee0ad36826f6767e7f7
  KSCrash: f344875321256d5906569a0853d73c6354a9f6f4
  MJRefresh: b96cdb21c4aa75a7b07654311ab2f315c497e806
  SDWebImage: 76a6348bdc74eb5a55dd08a091ef298e56b55e41
  SVProgressHUD: c404a55d78acbeb7ebb78b76d3faf986475a6994

PODFILE CHECKSUM: 6fdd6c6c0daee5aa323ec020229def145a4e14e9

COCOAPODS: 1.2.0.beta.1
